
Microsoft Visual Studio Solution File, Format Version 12.00
# Visual Studio Version 17
VisualStudioVersion = 17.0.31903.59
MinimumVisualStudioVersion = 10.0.40219.1
Project("{FAE04EC0-301F-11D3-BF4B-00C04F79EFBC}") = "ETS.Api", "ETS.Api\ETS.Api.csproj", "{275BB07A-9E0B-460E-9518-7592FCF34FA7}"
EndProject
Project("{FAE04EC0-301F-11D3-BF4B-00C04F79EFBC}") = "ETS.Schema", "ETS.Schema\ETS.Schema.csproj", "{66C14B69-0172-453E-A0F2-4C84D3B9D964}"
EndProject
Project("{FAE04EC0-301F-11D3-BF4B-00C04F79EFBC}") = "ETS.Data", "ETS.Data\ETS.Data.csproj", "{716B75CD-8DAF-418A-B1C9-C345EB1E5903}"
EndProject
Project("{FAE04EC0-301F-11D3-BF4B-00C04F79EFBC}") = "ETS.Business", "ETS.Business\ETS.Business.csproj", "{CEAF0D17-9CB5-49A0-B995-84C2B3EC7BD8}"
EndProject
Project("{FAE04EC0-301F-11D3-BF4B-00C04F79EFBC}") = "ETS.Base", "ETS.Base\ETS.Base.csproj", "{E12D6069-DCFB-488A-876A-8238F703AFF4}"
EndProject
Global
	GlobalSection(SolutionConfigurationPlatforms) = preSolution
		Debug|Any CPU = Debug|Any CPU
		Release|Any CPU = Release|Any CPU
	EndGlobalSection
	GlobalSection(SolutionProperties) = preSolution
		HideSolutionNode = FALSE
	EndGlobalSection
	GlobalSection(ProjectConfigurationPlatforms) = postSolution
		{275BB07A-9E0B-460E-9518-7592FCF34FA7}.Debug|Any CPU.ActiveCfg = Debug|Any CPU
		{275BB07A-9E0B-460E-9518-7592FCF34FA7}.Debug|Any CPU.Build.0 = Debug|Any CPU
		{275BB07A-9E0B-460E-9518-7592FCF34FA7}.Release|Any CPU.ActiveCfg = Release|Any CPU
		{275BB07A-9E0B-460E-9518-7592FCF34FA7}.Release|Any CPU.Build.0 = Release|Any CPU
		{66C14B69-0172-453E-A0F2-4C84D3B9D964}.Debug|Any CPU.ActiveCfg = Debug|Any CPU
		{66C14B69-0172-453E-A0F2-4C84D3B9D964}.Debug|Any CPU.Build.0 = Debug|Any CPU
		{66C14B69-0172-453E-A0F2-4C84D3B9D964}.Release|Any CPU.ActiveCfg = Release|Any CPU
		{66C14B69-0172-453E-A0F2-4C84D3B9D964}.Release|Any CPU.Build.0 = Release|Any CPU
		{716B75CD-8DAF-418A-B1C9-C345EB1E5903}.Debug|Any CPU.ActiveCfg = Debug|Any CPU
		{716B75CD-8DAF-418A-B1C9-C345EB1E5903}.Debug|Any CPU.Build.0 = Debug|Any CPU
		{716B75CD-8DAF-418A-B1C9-C345EB1E5903}.Release|Any CPU.ActiveCfg = Release|Any CPU
		{716B75CD-8DAF-418A-B1C9-C345EB1E5903}.Release|Any CPU.Build.0 = Release|Any CPU
		{CEAF0D17-9CB5-49A0-B995-84C2B3EC7BD8}.Debug|Any CPU.ActiveCfg = Debug|Any CPU
		{CEAF0D17-9CB5-49A0-B995-84C2B3EC7BD8}.Debug|Any CPU.Build.0 = Debug|Any CPU
		{CEAF0D17-9CB5-49A0-B995-84C2B3EC7BD8}.Release|Any CPU.ActiveCfg = Release|Any CPU
		{CEAF0D17-9CB5-49A0-B995-84C2B3EC7BD8}.Release|Any CPU.Build.0 = Release|Any CPU
		{E12D6069-DCFB-488A-876A-8238F703AFF4}.Debug|Any CPU.ActiveCfg = Debug|Any CPU
		{E12D6069-DCFB-488A-876A-8238F703AFF4}.Debug|Any CPU.Build.0 = Debug|Any CPU
		{E12D6069-DCFB-488A-876A-8238F703AFF4}.Release|Any CPU.ActiveCfg = Release|Any CPU
		{E12D6069-DCFB-488A-876A-8238F703AFF4}.Release|Any CPU.Build.0 = Release|Any CPU
	EndGlobalSection
EndGlobal
